// !$*UTF8*$!
{
	archiveVersion = 1;
	classes = {
	};
	objectVersion = 46;
	objects = {

/* Begin PBXBuildFile section */
		851E2D8B19709D4360C312BA /* Pods_ShinyGemHunterSlots.framework in Frameworks */ = {isa = PBXBuildFile; fileRef = A29F5F5E154EDD61EBFAB54C /* Pods_ShinyGemHunterSlots.framework */; };
		8B0988401F0D897F00B87BFB /* TLLabelNode.swift in Sources */ = {isa = PBXBuildFile; fileRef = 8B09883F1F0D897F00B87BFB /* TLLabelNode.swift */; };
		8B1E57491EA868BE005862A3 /* SlotEntity.spec.swift in Sources */ = {isa = PBXBuildFile; fileRef = 8B1E57481EA868BE005862A3 /* SlotEntity.spec.swift */; };
		8B1E574B1EA869EF005862A3 /* RenderComponent.swift in Sources */ = {isa = PBXBuildFile; fileRef = 8B1E574A1EA869EF005862A3 /* RenderComponent.swift */; };
		8B1E574E1EA86A25005862A3 /* SlotEntity.swift in Sources */ = {isa = PBXBuildFile; fileRef = 8B1E574D1EA86A25005862A3 /* SlotEntity.swift */; };
		8B1E57531EA86BB5005862A3 /* SpriteComponent.swift in Sources */ = {isa = PBXBuildFile; fileRef = 8B1E57521EA86BB5005862A3 /* SpriteComponent.swift */; };
		8B1E57551EA86C96005862A3 /* GemComponent.swift in Sources */ = {isa = PBXBuildFile; fileRef = 8B1E57541EA86C96005862A3 /* GemComponent.swift */; };
		8B1E57571EA86CBE005862A3 /* Gem.swift in Sources */ = {isa = PBXBuildFile; fileRef = 8B1E57561EA86CBE005862A3 /* Gem.swift */; };
		8B1E57591EA86F2F005862A3 /* SlotColumnEntity.spec.swift in Sources */ = {isa = PBXBuildFile; fileRef = 8B1E57581EA86F2F005862A3 /* SlotColumnEntity.spec.swift */; };
		8B1E575B1EA86F7C005862A3 /* SlotColumnEntity.swift in Sources */ = {isa = PBXBuildFile; fileRef = 8B1E575A1EA86F7C005862A3 /* SlotColumnEntity.swift */; };
		8B1E575D1EA86FEA005862A3 /* ColumnComponent.swift in Sources */ = {isa = PBXBuildFile; fileRef = 8B1E575C1EA86FEA005862A3 /* ColumnComponent.swift */; };
		8B1E57601EA87448005862A3 /* RenderComponent.spec.swift in Sources */ = {isa = PBXBuildFile; fileRef = 8B1E575F1EA87448005862A3 /* RenderComponent.spec.swift */; };
		8B1E57621EA8748A005862A3 /* SpriteComponent.spec.swift in Sources */ = {isa = PBXBuildFile; fileRef = 8B1E57611EA8748A005862A3 /* SpriteComponent.spec.swift */; };
		8B1E57651EA874FE005862A3 /* ColumnComponent.spec.swift in Sources */ = {isa = PBXBuildFile; fileRef = 8B1E57641EA874FE005862A3 /* ColumnComponent.spec.swift */; };
		8B2422FF1F1AE19D00BB159A /* CGFloat+Extras.swift in Sources */ = {isa = PBXBuildFile; fileRef = 8B2422FE1F1AE19D00BB159A /* CGFloat+Extras.swift */; };
		8B2423011F1AE3A100BB159A /* GameScene+Layout.swift in Sources */ = {isa = PBXBuildFile; fileRef = 8B2423001F1AE3A100BB159A /* GameScene+Layout.swift */; };
		8B2423031F1AE5FF00BB159A /* GameScene+Config.swift in Sources */ = {isa = PBXBuildFile; fileRef = 8B2423021F1AE5FF00BB159A /* GameScene+Config.swift */; };
		8B2423051F1AE63D00BB159A /* GameScene+Update.swift in Sources */ = {isa = PBXBuildFile; fileRef = 8B2423041F1AE63D00BB159A /* GameScene+Update.swift */; };
		8B2423071F1AE66100BB159A /* GameScene+SlotMachine.swift in Sources */ = {isa = PBXBuildFile; fileRef = 8B2423061F1AE66100BB159A /* GameScene+SlotMachine.swift */; };
		8B2423091F1AE6B700BB159A /* GameScene+StateMachine.swift in Sources */ = {isa = PBXBuildFile; fileRef = 8B2423081F1AE6B700BB159A /* GameScene+StateMachine.swift */; };
		8B24230B1F1AEA1700BB159A /* SlotMachine+Operations.swift in Sources */ = {isa = PBXBuildFile; fileRef = 8B24230A1F1AEA1700BB159A /* SlotMachine+Operations.swift */; };
		8B24230E1F1AF68600BB159A /* Winnable.swift in Sources */ = {isa = PBXBuildFile; fileRef = 8B24230D1F1AF68600BB159A /* Winnable.swift */; };
		8B2423101F1AF6A500BB159A /* SlotMachine+Winnable.swift in Sources */ = {isa = PBXBuildFile; fileRef = 8B24230F1F1AF6A500BB159A /* SlotMachine+Winnable.swift */; };
		8B2423121F1BFD6400BB159A /* ButtonRespondable.swift in Sources */ = {isa = PBXBuildFile; fileRef = 8B2423111F1BFD6400BB159A /* ButtonRespondable.swift */; };
		8B2423141F1BFD9F00BB159A /* ButtonNode+ButtonRespondable.swift in Sources */ = {isa = PBXBuildFile; fileRef = 8B2423131F1BFD9F00BB159A /* ButtonNode+ButtonRespondable.swift */; };
		8B2423161F1BFDD200BB159A /* ButtonNode+Config.swift in Sources */ = {isa = PBXBuildFile; fileRef = 8B2423151F1BFDD200BB159A /* ButtonNode+Config.swift */; };
		8B2423181F1BFE2E00BB159A /* ButtonNode+Touch.swift in Sources */ = {isa = PBXBuildFile; fileRef = 8B2423171F1BFE2E00BB159A /* ButtonNode+Touch.swift */; };
		8B24231A1F1BFE5400BB159A /* ButtonNode+Animation.swift in Sources */ = {isa = PBXBuildFile; fileRef = 8B2423191F1BFE5400BB159A /* ButtonNode+Animation.swift */; };
		8B24231C1F1BFED900BB159A /* ColumnComponent+Config.swift in Sources */ = {isa = PBXBuildFile; fileRef = 8B24231B1F1BFED900BB159A /* ColumnComponent+Config.swift */; };
		8B24231E1F1BFEE400BB159A /* GridComponent+Config.swift in Sources */ = {isa = PBXBuildFile; fileRef = 8B24231D1F1BFEE400BB159A /* GridComponent+Config.swift */; };
		8B2423201F1BFFAC00BB159A /* GameViewController+Config.swift in Sources */ = {isa = PBXBuildFile; fileRef = 8B24231F1F1BFFAC00BB159A /* GameViewController+Config.swift */; };
		8B2423221F1C007300BB159A /* GameSceneActiveState+GKState.swift in Sources */ = {isa = PBXBuildFile; fileRef = 8B2423211F1C007300BB159A /* GameSceneActiveState+GKState.swift */; };
		8B5291991EA9ACC6001BEF68 /* SlotGridEntity.swift in Sources */ = {isa = PBXBuildFile; fileRef = 8B5291981EA9ACC6001BEF68 /* SlotGridEntity.swift */; };
		8B52919B1EA9AD28001BEF68 /* GridComponent.swift in Sources */ = {isa = PBXBuildFile; fileRef = 8B52919A1EA9AD28001BEF68 /* GridComponent.swift */; };
		8B6DB6681F3033E200542B42 /* AdMob.swift in Sources */ = {isa = PBXBuildFile; fileRef = 8B6DB6671F3033E200542B42 /* AdMob.swift */; };
		8B739D111F2E71BB004A39E4 /* UserDefaultsService.swift in Sources */ = {isa = PBXBuildFile; fileRef = 8B739D101F2E71BB004A39E4 /* UserDefaultsService.swift */; };
		8B75ED821EB6DE94000DCA4F /* GemComponent.spec.swift in Sources */ = {isa = PBXBuildFile; fileRef = 8B75ED811EB6DE94000DCA4F /* GemComponent.spec.swift */; };
		8BB2A3A11EBEB7500015D328 /* GridComponent.spec.swift in Sources */ = {isa = PBXBuildFile; fileRef = 8BB2A3A01EBEB7500015D328 /* GridComponent.spec.swift */; };
		8BB2A3A31EBEBF2E0015D328 /* SlotGridEntity.spec.swift in Sources */ = {isa = PBXBuildFile; fileRef = 8BB2A3A21EBEBF2E0015D328 /* SlotGridEntity.spec.swift */; };
		8BB2A3A51EBEC17B0015D328 /* ButtonNode.spec.swift in Sources */ = {isa = PBXBuildFile; fileRef = 8BB2A3A41EBEC17B0015D328 /* ButtonNode.spec.swift */; };
		8BB2A3A71EBEC2570015D328 /* ButtonFactory.spec.swift in Sources */ = {isa = PBXBuildFile; fileRef = 8BB2A3A61EBEC2570015D328 /* ButtonFactory.spec.swift */; };
		8BB351D61F2AF55F0051FCBC /* MockUserDefaults.swift in Sources */ = {isa = PBXBuildFile; fileRef = 8BB351D51F2AF55F0051FCBC /* MockUserDefaults.swift */; };
		8BC749DF1F0B144000325364 /* MockSlotMachine.swift in Sources */ = {isa = PBXBuildFile; fileRef = 8BC749DE1F0B144000325364 /* MockSlotMachine.swift */; };
		8BC749E11F0B15DB00325364 /* MockGKRandomSource.swift in Sources */ = {isa = PBXBuildFile; fileRef = 8BC749E01F0B15DB00325364 /* MockGKRandomSource.swift */; };
		8BC749E31F0B243A00325364 /* GameSceneActiveState.swift in Sources */ = {isa = PBXBuildFile; fileRef = 8BC749E21F0B243A00325364 /* GameSceneActiveState.swift */; };
		8BC749E51F0B258500325364 /* GKState+Button.swift in Sources */ = {isa = PBXBuildFile; fileRef = 8BC749E41F0B258500325364 /* GKState+Button.swift */; };
		8BC749EA1F0B443400325364 /* GameSceneIdleState.swift in Sources */ = {isa = PBXBuildFile; fileRef = 8BC749E91F0B443400325364 /* GameSceneIdleState.swift */; };
		8BE12E911EBF0B9D00B67EE0 /* GameScene+ButtonRespondable.spec.swift in Sources */ = {isa = PBXBuildFile; fileRef = 8BE12E901EBF0B9D00B67EE0 /* GameScene+ButtonRespondable.spec.swift */; };
		8BE133FE1E973E69004B7169 /* AppDelegate.swift in Sources */ = {isa = PBXBuildFile; fileRef = 8BE133FD1E973E69004B7169 /* AppDelegate.swift */; };
		8BE134041E973E69004B7169 /* GameScene.swift in Sources */ = {isa = PBXBuildFile; fileRef = 8BE134031E973E69004B7169 /* GameScene.swift */; };
		8BE134061E973E69004B7169 /* GameViewController.swift in Sources */ = {isa = PBXBuildFile; fileRef = 8BE134051E973E69004B7169 /* GameViewController.swift */; };
		8BE134091E973E69004B7169 /* Main.storyboard in Resources */ = {isa = PBXBuildFile; fileRef = 8BE134071E973E69004B7169 /* Main.storyboard */; };
		8BE1340B1E973E69004B7169 /* Assets.xcassets in Resources */ = {isa = PBXBuildFile; fileRef = 8BE1340A1E973E69004B7169 /* Assets.xcassets */; };
		8BE1340E1E973E69004B7169 /* LaunchScreen.storyboard in Resources */ = {isa = PBXBuildFile; fileRef = 8BE1340C1E973E69004B7169 /* LaunchScreen.storyboard */; };
		8BE134241E973EF7004B7169 /* GameViewController+GameScene.swift in Sources */ = {isa = PBXBuildFile; fileRef = 8BE134231E973EF7004B7169 /* GameViewController+GameScene.swift */; };
		8BE1342A1E974262004B7169 /* SlotMachine.swift in Sources */ = {isa = PBXBuildFile; fileRef = 8BE134291E974262004B7169 /* SlotMachine.swift */; };
		8BE1342C1E974570004B7169 /* ButtonNode.swift in Sources */ = {isa = PBXBuildFile; fileRef = 8BE1342B1E974570004B7169 /* ButtonNode.swift */; };
		8BE1342E1E9745D4004B7169 /* GameScene+ButtonRespondable.swift in Sources */ = {isa = PBXBuildFile; fileRef = 8BE1342D1E9745D4004B7169 /* GameScene+ButtonRespondable.swift */; };
		8BE134301E97465F004B7169 /* ButtonFactory.swift in Sources */ = {isa = PBXBuildFile; fileRef = 8BE1342F1E97465F004B7169 /* ButtonFactory.swift */; };
		8BE134321E9746C8004B7169 /* NodeZPosition.swift in Sources */ = {isa = PBXBuildFile; fileRef = 8BE134311E9746C8004B7169 /* NodeZPosition.swift */; };
		8BFACF0A1EBED8B4009581E0 /* SlotMachine.spec.swift in Sources */ = {isa = PBXBuildFile; fileRef = 8BFACF091EBED8B4009581E0 /* SlotMachine.spec.swift */; };
		8BFACF0D1EBEE229009581E0 /* GameScene.spec.swift in Sources */ = {isa = PBXBuildFile; fileRef = 8BFACF0C1EBEE229009581E0 /* GameScene.spec.swift */; };
		A7CDBD16F4620D1E76FC9F51 /* Pods_ShinyGemHunterSlotsTests.framework in Frameworks */ = {isa = PBXBuildFile; fileRef = 7C7C5B978199551218D5F9C3 /* Pods_ShinyGemHunterSlotsTests.framework */; };
/* End PBXBuildFile section */

/* Begin PBXContainerItemProxy section */
		8BE134151E973E69004B7169 /* PBXContainerItemProxy */ = {
			isa = PBXContainerItemProxy;
			containerPortal = 8BE133F21E973E69004B7169 /* Project object */;
			proxyType = 1;
			remoteGlobalIDString = 8BE133F91E973E69004B7169;
			remoteInfo = ShinyGemHunterSlots;
		};
/* End PBXContainerItemProxy section */

/* Begin PBXFileReference section */
		2B7EEDD1A6C0039DDC204058 /* Pods-ShinyGemHunterSlotsTests.release.xcconfig */ = {isa = PBXFileReference; includeInIndex = 1; lastKnownFileType = text.xcconfig; name = "Pods-ShinyGemHunterSlotsTests.release.xcconfig"; path = "Pods/Target Support Files/Pods-ShinyGemHunterSlotsTests/Pods-ShinyGemHunterSlotsTests.release.xcconfig"; sourceTree = "<group>"; };
		61E228A4C0CC4566474BB13D /* Pods-ShinyGemHunterSlots.debug.xcconfig */ = {isa = PBXFileReference; includeInIndex = 1; lastKnownFileType = text.xcconfig; name = "Pods-ShinyGemHunterSlots.debug.xcconfig"; path = "Pods/Target Support Files/Pods-ShinyGemHunterSlots/Pods-ShinyGemHunterSlots.debug.xcconfig"; sourceTree = "<group>"; };
		7C7C5B978199551218D5F9C3 /* Pods_ShinyGemHunterSlotsTests.framework */ = {isa = PBXFileReference; explicitFileType = wrapper.framework; includeInIndex = 0; path = Pods_ShinyGemHunterSlotsTests.framework; sourceTree = BUILT_PRODUCTS_DIR; };
		8B09883F1F0D897F00B87BFB /* TLLabelNode.swift */ = {isa = PBXFileReference; fileEncoding = 4; lastKnownFileType = sourcecode.swift; path = TLLabelNode.swift; sourceTree = "<group>"; };
		8B1E57481EA868BE005862A3 /* SlotEntity.spec.swift */ = {isa = PBXFileReference; fileEncoding = 4; lastKnownFileType = sourcecode.swift; path = SlotEntity.spec.swift; sourceTree = "<group>"; };
		8B1E574A1EA869EF005862A3 /* RenderComponent.swift */ = {isa = PBXFileReference; fileEncoding = 4; lastKnownFileType = sourcecode.swift; path = RenderComponent.swift; sourceTree = "<group>"; };
		8B1E574D1EA86A25005862A3 /* SlotEntity.swift */ = {isa = PBXFileReference; fileEncoding = 4; lastKnownFileType = sourcecode.swift; path = SlotEntity.swift; sourceTree = "<group>"; };
		8B1E57521EA86BB5005862A3 /* SpriteComponent.swift */ = {isa = PBXFileReference; fileEncoding = 4; lastKnownFileType = sourcecode.swift; path = SpriteComponent.swift; sourceTree = "<group>"; };
		8B1E57541EA86C96005862A3 /* GemComponent.swift */ = {isa = PBXFileReference; fileEncoding = 4; lastKnownFileType = sourcecode.swift; path = GemComponent.swift; sourceTree = "<group>"; };
		8B1E57561EA86CBE005862A3 /* Gem.swift */ = {isa = PBXFileReference; fileEncoding = 4; lastKnownFileType = sourcecode.swift; path = Gem.swift; sourceTree = "<group>"; };
		8B1E57581EA86F2F005862A3 /* SlotColumnEntity.spec.swift */ = {isa = PBXFileReference; fileEncoding = 4; lastKnownFileType = sourcecode.swift; path = SlotColumnEntity.spec.swift; sourceTree = "<group>"; };
		8B1E575A1EA86F7C005862A3 /* SlotColumnEntity.swift */ = {isa = PBXFileReference; fileEncoding = 4; lastKnownFileType = sourcecode.swift; path = SlotColumnEntity.swift; sourceTree = "<group>"; };
		8B1E575C1EA86FEA005862A3 /* ColumnComponent.swift */ = {isa = PBXFileReference; fileEncoding = 4; lastKnownFileType = sourcecode.swift; path = ColumnComponent.swift; sourceTree = "<group>"; };
		8B1E575F1EA87448005862A3 /* RenderComponent.spec.swift */ = {isa = PBXFileReference; fileEncoding = 4; lastKnownFileType = sourcecode.swift; path = RenderComponent.spec.swift; sourceTree = "<group>"; };
		8B1E57611EA8748A005862A3 /* SpriteComponent.spec.swift */ = {isa = PBXFileReference; fileEncoding = 4; lastKnownFileType = sourcecode.swift; path = SpriteComponent.spec.swift; sourceTree = "<group>"; };
		8B1E57641EA874FE005862A3 /* ColumnComponent.spec.swift */ = {isa = PBXFileReference; fileEncoding = 4; lastKnownFileType = sourcecode.swift; path = ColumnComponent.spec.swift; sourceTree = "<group>"; };
		8B2422FE1F1AE19D00BB159A /* CGFloat+Extras.swift */ = {isa = PBXFileReference; fileEncoding = 4; lastKnownFileType = sourcecode.swift; path = "CGFloat+Extras.swift"; sourceTree = "<group>"; };
		8B2423001F1AE3A100BB159A /* GameScene+Layout.swift */ = {isa = PBXFileReference; fileEncoding = 4; lastKnownFileType = sourcecode.swift; path = "GameScene+Layout.swift"; sourceTree = "<group>"; };
		8B2423021F1AE5FF00BB159A /* GameScene+Config.swift */ = {isa = PBXFileReference; fileEncoding = 4; lastKnownFileType = sourcecode.swift; path = "GameScene+Config.swift"; sourceTree = "<group>"; };
		8B2423041F1AE63D00BB159A /* GameScene+Update.swift */ = {isa = PBXFileReference; fileEncoding = 4; lastKnownFileType = sourcecode.swift; path = "GameScene+Update.swift"; sourceTree = "<group>"; };
		8B2423061F1AE66100BB159A /* GameScene+SlotMachine.swift */ = {isa = PBXFileReference; fileEncoding = 4; lastKnownFileType = sourcecode.swift; path = "GameScene+SlotMachine.swift"; sourceTree = "<group>"; };
		8B2423081F1AE6B700BB159A /* GameScene+StateMachine.swift */ = {isa = PBXFileReference; fileEncoding = 4; lastKnownFileType = sourcecode.swift; path = "GameScene+StateMachine.swift"; sourceTree = "<group>"; };
		8B24230A1F1AEA1700BB159A /* SlotMachine+Operations.swift */ = {isa = PBXFileReference; fileEncoding = 4; lastKnownFileType = sourcecode.swift; path = "SlotMachine+Operations.swift"; sourceTree = "<group>"; };
		8B24230D1F1AF68600BB159A /* Winnable.swift */ = {isa = PBXFileReference; fileEncoding = 4; lastKnownFileType = sourcecode.swift; path = Winnable.swift; sourceTree = "<group>"; };
		8B24230F1F1AF6A500BB159A /* SlotMachine+Winnable.swift */ = {isa = PBXFileReference; fileEncoding = 4; lastKnownFileType = sourcecode.swift; path = "SlotMachine+Winnable.swift"; sourceTree = "<group>"; };
		8B2423111F1BFD6400BB159A /* ButtonRespondable.swift */ = {isa = PBXFileReference; fileEncoding = 4; lastKnownFileType = sourcecode.swift; path = ButtonRespondable.swift; sourceTree = "<group>"; };
		8B2423131F1BFD9F00BB159A /* ButtonNode+ButtonRespondable.swift */ = {isa = PBXFileReference; fileEncoding = 4; lastKnownFileType = sourcecode.swift; path = "ButtonNode+ButtonRespondable.swift"; sourceTree = "<group>"; };
		8B2423151F1BFDD200BB159A /* ButtonNode+Config.swift */ = {isa = PBXFileReference; fileEncoding = 4; lastKnownFileType = sourcecode.swift; path = "ButtonNode+Config.swift"; sourceTree = "<group>"; };
		8B2423171F1BFE2E00BB159A /* ButtonNode+Touch.swift */ = {isa = PBXFileReference; fileEncoding = 4; lastKnownFileType = sourcecode.swift; path = "ButtonNode+Touch.swift"; sourceTree = "<group>"; };
		8B2423191F1BFE5400BB159A /* ButtonNode+Animation.swift */ = {isa = PBXFileReference; fileEncoding = 4; lastKnownFileType = sourcecode.swift; path = "ButtonNode+Animation.swift"; sourceTree = "<group>"; };
		8B24231B1F1BFED900BB159A /* ColumnComponent+Config.swift */ = {isa = PBXFileReference; fileEncoding = 4; lastKnownFileType = sourcecode.swift; path = "ColumnComponent+Config.swift"; sourceTree = "<group>"; };
		8B24231D1F1BFEE400BB159A /* GridComponent+Config.swift */ = {isa = PBXFileReference; fileEncoding = 4; lastKnownFileType = sourcecode.swift; path = "GridComponent+Config.swift"; sourceTree = "<group>"; };
		8B24231F1F1BFFAC00BB159A /* GameViewController+Config.swift */ = {isa = PBXFileReference; fileEncoding = 4; lastKnownFileType = sourcecode.swift; path = "GameViewController+Config.swift"; sourceTree = "<group>"; };
		8B2423211F1C007300BB159A /* GameSceneActiveState+GKState.swift */ = {isa = PBXFileReference; fileEncoding = 4; lastKnownFileType = sourcecode.swift; path = "GameSceneActiveState+GKState.swift"; sourceTree = "<group>"; };
		8B5291981EA9ACC6001BEF68 /* SlotGridEntity.swift */ = {isa = PBXFileReference; fileEncoding = 4; lastKnownFileType = sourcecode.swift; path = SlotGridEntity.swift; sourceTree = "<group>"; };
		8B52919A1EA9AD28001BEF68 /* GridComponent.swift */ = {isa = PBXFileReference; fileEncoding = 4; lastKnownFileType = sourcecode.swift; path = GridComponent.swift; sourceTree = "<group>"; };
		8B6DB6671F3033E200542B42 /* AdMob.swift */ = {isa = PBXFileReference; fileEncoding = 4; lastKnownFileType = sourcecode.swift; path = AdMob.swift; sourceTree = "<group>"; };
		8B739D101F2E71BB004A39E4 /* UserDefaultsService.swift */ = {isa = PBXFileReference; fileEncoding = 4; lastKnownFileType = sourcecode.swift; path = UserDefaultsService.swift; sourceTree = "<group>"; };
		8B75ED811EB6DE94000DCA4F /* GemComponent.spec.swift */ = {isa = PBXFileReference; fileEncoding = 4; lastKnownFileType = sourcecode.swift; path = GemComponent.spec.swift; sourceTree = "<group>"; };
		8BB2A3A01EBEB7500015D328 /* GridComponent.spec.swift */ = {isa = PBXFileReference; fileEncoding = 4; lastKnownFileType = sourcecode.swift; path = GridComponent.spec.swift; sourceTree = "<group>"; };
		8BB2A3A21EBEBF2E0015D328 /* SlotGridEntity.spec.swift */ = {isa = PBXFileReference; fileEncoding = 4; lastKnownFileType = sourcecode.swift; path = SlotGridEntity.spec.swift; sourceTree = "<group>"; };
		8BB2A3A41EBEC17B0015D328 /* ButtonNode.spec.swift */ = {isa = PBXFileReference; fileEncoding = 4; lastKnownFileType = sourcecode.swift; path = ButtonNode.spec.swift; sourceTree = "<group>"; };
		8BB2A3A61EBEC2570015D328 /* ButtonFactory.spec.swift */ = {isa = PBXFileReference; fileEncoding = 4; lastKnownFileType = sourcecode.swift; path = ButtonFactory.spec.swift; sourceTree = "<group>"; };
		8BB351D51F2AF55F0051FCBC /* MockUserDefaults.swift */ = {isa = PBXFileReference; fileEncoding = 4; lastKnownFileType = sourcecode.swift; path = MockUserDefaults.swift; sourceTree = "<group>"; };
		8BC749DE1F0B144000325364 /* MockSlotMachine.swift */ = {isa = PBXFileReference; fileEncoding = 4; lastKnownFileType = sourcecode.swift; path = MockSlotMachine.swift; sourceTree = "<group>"; };
		8BC749E01F0B15DB00325364 /* MockGKRandomSource.swift */ = {isa = PBXFileReference; fileEncoding = 4; lastKnownFileType = sourcecode.swift; path = MockGKRandomSource.swift; sourceTree = "<group>"; };
		8BC749E21F0B243A00325364 /* GameSceneActiveState.swift */ = {isa = PBXFileReference; fileEncoding = 4; lastKnownFileType = sourcecode.swift; path = GameSceneActiveState.swift; sourceTree = "<group>"; };
		8BC749E41F0B258500325364 /* GKState+Button.swift */ = {isa = PBXFileReference; fileEncoding = 4; lastKnownFileType = sourcecode.swift; path = "GKState+Button.swift"; sourceTree = "<group>"; };
		8BC749E91F0B443400325364 /* GameSceneIdleState.swift */ = {isa = PBXFileReference; fileEncoding = 4; lastKnownFileType = sourcecode.swift; path = GameSceneIdleState.swift; sourceTree = "<group>"; };
		8BE12E901EBF0B9D00B67EE0 /* GameScene+ButtonRespondable.spec.swift */ = {isa = PBXFileReference; fileEncoding = 4; lastKnownFileType = sourcecode.swift; path = "GameScene+ButtonRespondable.spec.swift"; sourceTree = "<group>"; };
		8BE133FA1E973E69004B7169 /* ShinyGemHunterSlots.app */ = {isa = PBXFileReference; explicitFileType = wrapper.application; includeInIndex = 0; path = ShinyGemHunterSlots.app; sourceTree = BUILT_PRODUCTS_DIR; };
		8BE133FD1E973E69004B7169 /* AppDelegate.swift */ = {isa = PBXFileReference; lastKnownFileType = sourcecode.swift; path = AppDelegate.swift; sourceTree = "<group>"; };
		8BE134031E973E69004B7169 /* GameScene.swift */ = {isa = PBXFileReference; lastKnownFileType = sourcecode.swift; path = GameScene.swift; sourceTree = "<group>"; };
		8BE134051E973E69004B7169 /* GameViewController.swift */ = {isa = PBXFileReference; lastKnownFileType = sourcecode.swift; path = GameViewController.swift; sourceTree = "<group>"; };
		8BE134081E973E69004B7169 /* Base */ = {isa = PBXFileReference; lastKnownFileType = file.storyboard; name = Base; path = Base.lproj/Main.storyboard; sourceTree = "<group>"; };
		8BE1340A1E973E69004B7169 /* Assets.xcassets */ = {isa = PBXFileReference; lastKnownFileType = folder.assetcatalog; path = Assets.xcassets; sourceTree = "<group>"; };
		8BE1340D1E973E69004B7169 /* Base */ = {isa = PBXFileReference; lastKnownFileType = file.storyboard; name = Base; path = Base.lproj/LaunchScreen.storyboard; sourceTree = "<group>"; };
		8BE1340F1E973E69004B7169 /* Info.plist */ = {isa = PBXFileReference; lastKnownFileType = text.plist.xml; path = Info.plist; sourceTree = "<group>"; };
		8BE134141E973E69004B7169 /* ShinyGemHunterSlotsTests.xctest */ = {isa = PBXFileReference; explicitFileType = wrapper.cfbundle; includeInIndex = 0; path = ShinyGemHunterSlotsTests.xctest; sourceTree = BUILT_PRODUCTS_DIR; };
		8BE1341A1E973E69004B7169 /* Info.plist */ = {isa = PBXFileReference; lastKnownFileType = text.plist.xml; path = Info.plist; sourceTree = "<group>"; };
		8BE134231E973EF7004B7169 /* GameViewController+GameScene.swift */ = {isa = PBXFileReference; fileEncoding = 4; lastKnownFileType = sourcecode.swift; path = "GameViewController+GameScene.swift"; sourceTree = "<group>"; };
		8BE134291E974262004B7169 /* SlotMachine.swift */ = {isa = PBXFileReference; fileEncoding = 4; lastKnownFileType = sourcecode.swift; path = SlotMachine.swift; sourceTree = "<group>"; };
		8BE1342B1E974570004B7169 /* ButtonNode.swift */ = {isa = PBXFileReference; fileEncoding = 4; lastKnownFileType = sourcecode.swift; path = ButtonNode.swift; sourceTree = "<group>"; };
		8BE1342D1E9745D4004B7169 /* GameScene+ButtonRespondable.swift */ = {isa = PBXFileReference; fileEncoding = 4; lastKnownFileType = sourcecode.swift; path = "GameScene+ButtonRespondable.swift"; sourceTree = "<group>"; };
		8BE1342F1E97465F004B7169 /* ButtonFactory.swift */ = {isa = PBXFileReference; fileEncoding = 4; lastKnownFileType = sourcecode.swift; path = ButtonFactory.swift; sourceTree = "<group>"; };
		8BE134311E9746C8004B7169 /* NodeZPosition.swift */ = {isa = PBXFileReference; fileEncoding = 4; lastKnownFileType = sourcecode.swift; path = NodeZPosition.swift; sourceTree = "<group>"; };
		8BFACF091EBED8B4009581E0 /* SlotMachine.spec.swift */ = {isa = PBXFileReference; fileEncoding = 4; lastKnownFileType = sourcecode.swift; path = SlotMachine.spec.swift; sourceTree = "<group>"; };
		8BFACF0C1EBEE229009581E0 /* GameScene.spec.swift */ = {isa = PBXFileReference; fileEncoding = 4; lastKnownFileType = sourcecode.swift; path = GameScene.spec.swift; sourceTree = "<group>"; };
		A26F3E60C858DDA343338C5E /* Pods-ShinyGemHunterSlotsTests.debug.xcconfig */ = {isa = PBXFileReference; includeInIndex = 1; lastKnownFileType = text.xcconfig; name = "Pods-ShinyGemHunterSlotsTests.debug.xcconfig"; path = "Pods/Target Support Files/Pods-ShinyGemHunterSlotsTests/Pods-ShinyGemHunterSlotsTests.debug.xcconfig"; sourceTree = "<group>"; };
		A29F5F5E154EDD61EBFAB54C /* Pods_ShinyGemHunterSlots.framework */ = {isa = PBXFileReference; explicitFileType = wrapper.framework; includeInIndex = 0; path = Pods_ShinyGemHunterSlots.framework; sourceTree = BUILT_PRODUCTS_DIR; };
		AC63CD98E7384DCC1A197F38 /* Pods-ShinyGemHunterSlots.release.xcconfig */ = {isa = PBXFileReference; includeInIndex = 1; lastKnownFileType = text.xcconfig; name = "Pods-ShinyGemHunterSlots.release.xcconfig"; path = "Pods/Target Support Files/Pods-ShinyGemHunterSlots/Pods-ShinyGemHunterSlots.release.xcconfig"; sourceTree = "<group>"; };
/* End PBXFileReference section */

/* Begin PBXFrameworksBuildPhase section */
		8BE133F71E973E69004B7169 /* Frameworks */ = {
			isa = PBXFrameworksBuildPhase;
			buildActionMask = 2147483647;
			files = (
				851E2D8B19709D4360C312BA /* Pods_ShinyGemHunterSlots.framework in Frameworks */,
			);
			runOnlyForDeploymentPostprocessing = 0;
		};
		8BE134111E973E69004B7169 /* Frameworks */ = {
			isa = PBXFrameworksBuildPhase;
			buildActionMask = 2147483647;
			files = (
				A7CDBD16F4620D1E76FC9F51 /* Pods_ShinyGemHunterSlotsTests.framework in Frameworks */,
			);
			runOnlyForDeploymentPostprocessing = 0;
		};
/* End PBXFrameworksBuildPhase section */

/* Begin PBXGroup section */
		7CE5394CECFCE484E028442D /* Pods */ = {
			isa = PBXGroup;
			children = (
				61E228A4C0CC4566474BB13D /* Pods-ShinyGemHunterSlots.debug.xcconfig */,
				AC63CD98E7384DCC1A197F38 /* Pods-ShinyGemHunterSlots.release.xcconfig */,
				A26F3E60C858DDA343338C5E /* Pods-ShinyGemHunterSlotsTests.debug.xcconfig */,
				2B7EEDD1A6C0039DDC204058 /* Pods-ShinyGemHunterSlotsTests.release.xcconfig */,
			);
			name = Pods;
			sourceTree = "<group>";
		};
		8B1E574C1EA86A09005862A3 /* Components */ = {
			isa = PBXGroup;
			children = (
				8B1E574A1EA869EF005862A3 /* RenderComponent.swift */,
				8B1E57521EA86BB5005862A3 /* SpriteComponent.swift */,
				8B1E57541EA86C96005862A3 /* GemComponent.swift */,
				8B1E575C1EA86FEA005862A3 /* ColumnComponent.swift */,
				8B24231B1F1BFED900BB159A /* ColumnComponent+Config.swift */,
				8B52919A1EA9AD28001BEF68 /* GridComponent.swift */,
				8B24231D1F1BFEE400BB159A /* GridComponent+Config.swift */,
			);
			name = Components;
			sourceTree = "<group>";
		};
		8B1E574F1EA86A29005862A3 /* Entities */ = {
			isa = PBXGroup;
			children = (
				8B1E574D1EA86A25005862A3 /* SlotEntity.swift */,
				8B1E575A1EA86F7C005862A3 /* SlotColumnEntity.swift */,
				8B5291981EA9ACC6001BEF68 /* SlotGridEntity.swift */,
			);
			name = Entities;
			sourceTree = "<group>";
		};
		8B1E575E1EA87381005862A3 /* Entities */ = {
			isa = PBXGroup;
			children = (
				8B1E57481EA868BE005862A3 /* SlotEntity.spec.swift */,
				8B1E57581EA86F2F005862A3 /* SlotColumnEntity.spec.swift */,
				8BB2A3A21EBEBF2E0015D328 /* SlotGridEntity.spec.swift */,
			);
			name = Entities;
			sourceTree = "<group>";
		};
		8B1E57631EA874EC005862A3 /* Components */ = {
			isa = PBXGroup;
			children = (
				8B1E575F1EA87448005862A3 /* RenderComponent.spec.swift */,
				8B1E57611EA8748A005862A3 /* SpriteComponent.spec.swift */,
				8B1E57641EA874FE005862A3 /* ColumnComponent.spec.swift */,
				8B75ED811EB6DE94000DCA4F /* GemComponent.spec.swift */,
				8BB2A3A01EBEB7500015D328 /* GridComponent.spec.swift */,
			);
			name = Components;
			sourceTree = "<group>";
		};
		8B24230C1F1AED3600BB159A /* Common */ = {
			isa = PBXGroup;
			children = (
				8B2422FE1F1AE19D00BB159A /* CGFloat+Extras.swift */,
			);
			name = Common;
			sourceTree = "<group>";
		};
		8B75ED7B1EB6DABF000DCA4F /* ViewControllers */ = {
			isa = PBXGroup;
			children = (
				8BE134231E973EF7004B7169 /* GameViewController+GameScene.swift */,
				8BE134051E973E69004B7169 /* GameViewController.swift */,
				8B24231F1F1BFFAC00BB159A /* GameViewController+Config.swift */,
			);
			name = ViewControllers;
			sourceTree = "<group>";
		};
		8B75ED7C1EB6DAC9000DCA4F /* Scenes */ = {
			isa = PBXGroup;
			children = (
				8BE1342D1E9745D4004B7169 /* GameScene+ButtonRespondable.swift */,
				8BE134031E973E69004B7169 /* GameScene.swift */,
				8B2423081F1AE6B700BB159A /* GameScene+StateMachine.swift */,
				8B2423041F1AE63D00BB159A /* GameScene+Update.swift */,
				8B2423061F1AE66100BB159A /* GameScene+SlotMachine.swift */,
				8B2423021F1AE5FF00BB159A /* GameScene+Config.swift */,
				8B2423001F1AE3A100BB159A /* GameScene+Layout.swift */,
			);
			name = Scenes;
			sourceTree = "<group>";
		};
		8B75ED7D1EB6DAF0000DCA4F /* Support */ = {
			isa = PBXGroup;
			children = (
				8BE133FD1E973E69004B7169 /* AppDelegate.swift */,
				8BE134071E973E69004B7169 /* Main.storyboard */,
				8BE1340A1E973E69004B7169 /* Assets.xcassets */,
				8BE1340C1E973E69004B7169 /* LaunchScreen.storyboard */,
				8BE1340F1E973E69004B7169 /* Info.plist */,
			);
			name = Support;
			sourceTree = "<group>";
		};
		8B75ED7E1EB6DB26000DCA4F /* Buttons */ = {
			isa = PBXGroup;
			children = (
				8BE1342F1E97465F004B7169 /* ButtonFactory.swift */,
				8B2423131F1BFD9F00BB159A /* ButtonNode+ButtonRespondable.swift */,
				8BE1342B1E974570004B7169 /* ButtonNode.swift */,
				8B2423171F1BFE2E00BB159A /* ButtonNode+Touch.swift */,
				8B2423151F1BFDD200BB159A /* ButtonNode+Config.swift */,
				8B2423111F1BFD6400BB159A /* ButtonRespondable.swift */,
				8B2423191F1BFE5400BB159A /* ButtonNode+Animation.swift */,
			);
			name = Buttons;
			sourceTree = "<group>";
		};
		8B75ED7F1EB6DB31000DCA4F /* Nodes */ = {
			isa = PBXGroup;
			children = (
				8B1E57561EA86CBE005862A3 /* Gem.swift */,
				8BE134311E9746C8004B7169 /* NodeZPosition.swift */,
				8B09883F1F0D897F00B87BFB /* TLLabelNode.swift */,
			);
			name = Nodes;
			sourceTree = "<group>";
		};
		8B75ED801EB6DB3B000DCA4F /* SlotMachines */ = {
			isa = PBXGroup;
			children = (
				8BE134291E974262004B7169 /* SlotMachine.swift */,
				8B24230A1F1AEA1700BB159A /* SlotMachine+Operations.swift */,
				8B24230F1F1AF6A500BB159A /* SlotMachine+Winnable.swift */,
				8B24230D1F1AF68600BB159A /* Winnable.swift */,
			);
			name = SlotMachines;
			sourceTree = "<group>";
		};
		8BB2A3A81EBEC2E60015D328 /* Buttons */ = {
			isa = PBXGroup;
			children = (
				8BB2A3A61EBEC2570015D328 /* ButtonFactory.spec.swift */,
				8BB2A3A41EBEC17B0015D328 /* ButtonNode.spec.swift */,
			);
			name = Buttons;
			sourceTree = "<group>";
		};
		8BB351D71F2AF5770051FCBC /* Mocks */ = {
			isa = PBXGroup;
			children = (
				8BC749DE1F0B144000325364 /* MockSlotMachine.swift */,
				8BC749E01F0B15DB00325364 /* MockGKRandomSource.swift */,
				8BB351D51F2AF55F0051FCBC /* MockUserDefaults.swift */,
			);
			name = Mocks;
			sourceTree = "<group>";
		};
		8BC749E61F0B3EAF00325364 /* States */ = {
			isa = PBXGroup;
			children = (
				8BC749E41F0B258500325364 /* GKState+Button.swift */,
				8BC749E21F0B243A00325364 /* GameSceneActiveState.swift */,
				8B2423211F1C007300BB159A /* GameSceneActiveState+GKState.swift */,
				8BC749E91F0B443400325364 /* GameSceneIdleState.swift */,
			);
			name = States;
			sourceTree = "<group>";
		};
		8BE12E921EBF172900B67EE0 /* Scenes */ = {
			isa = PBXGroup;
			children = (
				8BFACF0C1EBEE229009581E0 /* GameScene.spec.swift */,
				8BE12E901EBF0B9D00B67EE0 /* GameScene+ButtonRespondable.spec.swift */,
			);
			name = Scenes;
			sourceTree = "<group>";
		};
		8BE133F11E973E69004B7169 = {
			isa = PBXGroup;
			children = (
				EAA1FCC6D36DA7C4FA8E1070 /* Frameworks */,
				7CE5394CECFCE484E028442D /* Pods */,
				8BE133FB1E973E69004B7169 /* Products */,
				8BE133FC1E973E69004B7169 /* ShinyGemHunterSlots */,
				8BE134171E973E69004B7169 /* ShinyGemHunterSlotsTests */,
			);
			sourceTree = "<group>";
		};
		8BE133FB1E973E69004B7169 /* Products */ = {
			isa = PBXGroup;
			children = (
				8BE133FA1E973E69004B7169 /* ShinyGemHunterSlots.app */,
				8BE134141E973E69004B7169 /* ShinyGemHunterSlotsTests.xctest */,
			);
			name = Products;
			sourceTree = "<group>";
		};
		8BE133FC1E973E69004B7169 /* ShinyGemHunterSlots */ = {
			isa = PBXGroup;
			children = (
				8B75ED7E1EB6DB26000DCA4F /* Buttons */,
				8B1E574C1EA86A09005862A3 /* Components */,
				8B1E574F1EA86A29005862A3 /* Entities */,
				8B75ED7F1EB6DB31000DCA4F /* Nodes */,
				8B75ED7C1EB6DAC9000DCA4F /* Scenes */,
				8B75ED801EB6DB3B000DCA4F /* SlotMachines */,
				8B75ED7D1EB6DAF0000DCA4F /* Support */,
				8B75ED7B1EB6DABF000DCA4F /* ViewControllers */,
				8BC749E61F0B3EAF00325364 /* States */,
				8B24230C1F1AED3600BB159A /* Common */,
				8B739D101F2E71BB004A39E4 /* UserDefaultsService.swift */,
				8B6DB6671F3033E200542B42 /* AdMob.swift */,
			);
			path = ShinyGemHunterSlots;
			sourceTree = "<group>";
		};
		8BE134171E973E69004B7169 /* ShinyGemHunterSlotsTests */ = {
			isa = PBXGroup;
			children = (
				8BB2A3A81EBEC2E60015D328 /* Buttons */,
				8B1E57631EA874EC005862A3 /* Components */,
				8B1E575E1EA87381005862A3 /* Entities */,
				8BE1341A1E973E69004B7169 /* Info.plist */,
				8BE12E921EBF172900B67EE0 /* Scenes */,
				8BFACF0B1EBEE1A4009581E0 /* SlotMachines */,
				8BB351D71F2AF5770051FCBC /* Mocks */,
			);
			path = ShinyGemHunterSlotsTests;
			sourceTree = "<group>";
		};
		8BFACF0B1EBEE1A4009581E0 /* SlotMachines */ = {
			isa = PBXGroup;
			children = (
				8BFACF091EBED8B4009581E0 /* SlotMachine.spec.swift */,
			);
			name = SlotMachines;
			sourceTree = "<group>";
		};
		EAA1FCC6D36DA7C4FA8E1070 /* Frameworks */ = {
			isa = PBXGroup;
			children = (
				A29F5F5E154EDD61EBFAB54C /* Pods_ShinyGemHunterSlots.framework */,
				7C7C5B978199551218D5F9C3 /* Pods_ShinyGemHunterSlotsTests.framework */,
			);
			name = Frameworks;
			sourceTree = "<group>";
		};
/* End PBXGroup section */

/* Begin PBXNativeTarget section */
		8BE133F91E973E69004B7169 /* ShinyGemHunterSlots */ = {
			isa = PBXNativeTarget;
			buildConfigurationList = 8BE1341D1E973E69004B7169 /* Build configuration list for PBXNativeTarget "ShinyGemHunterSlots" */;
			buildPhases = (
				B806060E4F0340081FA8C38A /* [CP] Check Pods Manifest.lock */,
				8BE133F61E973E69004B7169 /* Sources */,
				8BE133F71E973E69004B7169 /* Frameworks */,
				8BE133F81E973E69004B7169 /* Resources */,
				2077FA4B4C7E9A7886F57FE2 /* [CP] Embed Pods Frameworks */,
				817281D5AD4A3B5EE82ED56B /* [CP] Copy Pods Resources */,
			);
			buildRules = (
			);
			dependencies = (
			);
			name = ShinyGemHunterSlots;
			productName = ShinyGemHunterSlots;
			productReference = 8BE133FA1E973E69004B7169 /* ShinyGemHunterSlots.app */;
			productType = "com.apple.product-type.application";
		};
		8BE134131E973E69004B7169 /* ShinyGemHunterSlotsTests */ = {
			isa = PBXNativeTarget;
			buildConfigurationList = 8BE134201E973E69004B7169 /* Build configuration list for PBXNativeTarget "ShinyGemHunterSlotsTests" */;
			buildPhases = (
				D622714AE2164ED03696D1A3 /* [CP] Check Pods Manifest.lock */,
				8BE134101E973E69004B7169 /* Sources */,
				8BE134111E973E69004B7169 /* Frameworks */,
				8BE134121E973E69004B7169 /* Resources */,
				764F9E8765CBEB533B5E92FD /* [CP] Embed Pods Frameworks */,
				3CBB0E8577F40B45C872CAAC /* [CP] Copy Pods Resources */,
			);
			buildRules = (
			);
			dependencies = (
				8BE134161E973E69004B7169 /* PBXTargetDependency */,
			);
			name = ShinyGemHunterSlotsTests;
			productName = ShinyGemHunterSlotsTests;
			productReference = 8BE134141E973E69004B7169 /* ShinyGemHunterSlotsTests.xctest */;
			productType = "com.apple.product-type.bundle.unit-test";
		};
/* End PBXNativeTarget section */

/* Begin PBXProject section */
		8BE133F21E973E69004B7169 /* Project object */ = {
			isa = PBXProject;
			attributes = {
				LastSwiftUpdateCheck = 0820;
				LastUpgradeCheck = 0820;
				ORGANIZATIONNAME = "Vantan LLC";
				TargetAttributes = {
					8BE133F91E973E69004B7169 = {
						CreatedOnToolsVersion = 8.2.1;
						DevelopmentTeam = SNXMW75MBJ;
						ProvisioningStyle = Manual;
					};
					8BE134131E973E69004B7169 = {
						CreatedOnToolsVersion = 8.2.1;
						DevelopmentTeam = SNXMW75MBJ;
						ProvisioningStyle = Manual;
						TestTargetID = 8BE133F91E973E69004B7169;
					};
				};
			};
			buildConfigurationList = 8BE133F51E973E69004B7169 /* Build configuration list for PBXProject "ShinyGemHunterSlots" */;
			compatibilityVersion = "Xcode 3.2";
			developmentRegion = English;
			hasScannedForEncodings = 0;
			knownRegions = (
				en,
				Base,
			);
			mainGroup = 8BE133F11E973E69004B7169;
			productRefGroup = 8BE133FB1E973E69004B7169 /* Products */;
			projectDirPath = "";
			projectRoot = "";
			targets = (
				8BE133F91E973E69004B7169 /* ShinyGemHunterSlots */,
				8BE134131E973E69004B7169 /* ShinyGemHunterSlotsTests */,
			);
		};
/* End PBXProject section */

/* Begin PBXResourcesBuildPhase section */
		8BE133F81E973E69004B7169 /* Resources */ = {
			isa = PBXResourcesBuildPhase;
			buildActionMask = 2147483647;
			files = (
				8BE134091E973E69004B7169 /* Main.storyboard in Resources */,
				8BE1340B1E973E69004B7169 /* Assets.xcassets in Resources */,
				8BE1340E1E973E69004B7169 /* LaunchScreen.storyboard in Resources */,
			);
			runOnlyForDeploymentPostprocessing = 0;
		};
		8BE134121E973E69004B7169 /* Resources */ = {
			isa = PBXResourcesBuildPhase;
			buildActionMask = 2147483647;
			files = (
			);
			runOnlyForDeploymentPostprocessing = 0;
		};
/* End PBXResourcesBuildPhase section */

/* Begin PBXShellScriptBuildPhase section */
		2077FA4B4C7E9A7886F57FE2 /* [CP] Embed Pods Frameworks */ = {
			isa = PBXShellScriptBuildPhase;
			buildActionMask = 2147483647;
			files = (
			);
			inputPaths = (
			);
			name = "[CP] Embed Pods Frameworks";
			outputPaths = (
			);
			runOnlyForDeploymentPostprocessing = 0;
			shellPath = /bin/sh;
			shellScript = "\"${SRCROOT}/Pods/Target Support Files/Pods-ShinyGemHunterSlots/Pods-ShinyGemHunterSlots-frameworks.sh\"\n";
			showEnvVarsInLog = 0;
		};
		3CBB0E8577F40B45C872CAAC /* [CP] Copy Pods Resources */ = {
			isa = PBXShellScriptBuildPhase;
			buildActionMask = 2147483647;
			files = (
			);
			inputPaths = (
			);
			name = "[CP] Copy Pods Resources";
			outputPaths = (
			);
			runOnlyForDeploymentPostprocessing = 0;
			shellPath = /bin/sh;
			shellScript = "\"${SRCROOT}/Pods/Target Support Files/Pods-ShinyGemHunterSlotsTests/Pods-ShinyGemHunterSlotsTests-resources.sh\"\n";
			showEnvVarsInLog = 0;
		};
		764F9E8765CBEB533B5E92FD /* [CP] Embed Pods Frameworks */ = {
			isa = PBXShellScriptBuildPhase;
			buildActionMask = 2147483647;
			files = (
			);
			inputPaths = (
			);
			name = "[CP] Embed Pods Frameworks";
			outputPaths = (
			);
			runOnlyForDeploymentPostprocessing = 0;
			shellPath = /bin/sh;
			shellScript = "\"${SRCROOT}/Pods/Target Support Files/Pods-ShinyGemHunterSlotsTests/Pods-ShinyGemHunterSlotsTests-frameworks.sh\"\n";
			showEnvVarsInLog = 0;
		};
		817281D5AD4A3B5EE82ED56B /* [CP] Copy Pods Resources */ = {
			isa = PBXShellScriptBuildPhase;
			buildActionMask = 2147483647;
			files = (
			);
			inputPaths = (
			);
			name = "[CP] Copy Pods Resources";
			outputPaths = (
			);
			runOnlyForDeploymentPostprocessing = 0;
			shellPath = /bin/sh;
			shellScript = "\"${SRCROOT}/Pods/Target Support Files/Pods-ShinyGemHunterSlots/Pods-ShinyGemHunterSlots-resources.sh\"\n";
			showEnvVarsInLog = 0;
		};
		B806060E4F0340081FA8C38A /* [CP] Check Pods Manifest.lock */ = {
			isa = PBXShellScriptBuildPhase;
			buildActionMask = 2147483647;
			files = (
			);
			inputPaths = (
			);
			name = "[CP] Check Pods Manifest.lock";
			outputPaths = (
			);
			runOnlyForDeploymentPostprocessing = 0;
			shellPath = /bin/sh;
			shellScript = "diff \"${PODS_ROOT}/../Podfile.lock\" \"${PODS_ROOT}/Manifest.lock\" > /dev/null\nif [ $? != 0 ] ; then\n    # print error to STDERR\n    echo \"error: The sandbox is not in sync with the Podfile.lock. Run 'pod install' or update your CocoaPods installation.\" >&2\n    exit 1\nfi\n";
			showEnvVarsInLog = 0;
		};
		D622714AE2164ED03696D1A3 /* [CP] Check Pods Manifest.lock */ = {
			isa = PBXShellScriptBuildPhase;
			buildActionMask = 2147483647;
			files = (
			);
			inputPaths = (
			);
			name = "[CP] Check Pods Manifest.lock";
			outputPaths = (
			);
			runOnlyForDeploymentPostprocessing = 0;
			shellPath = /bin/sh;
			shellScript = "diff \"${PODS_ROOT}/../Podfile.lock\" \"${PODS_ROOT}/Manifest.lock\" > /dev/null\nif [ $? != 0 ] ; then\n    # print error to STDERR\n    echo \"error: The sandbox is not in sync with the Podfile.lock. Run 'pod install' or update your CocoaPods installation.\" >&2\n    exit 1\nfi\n";
			showEnvVarsInLog = 0;
		};
/* End PBXShellScriptBuildPhase section */

/* Begin PBXSourcesBuildPhase section */
		8BE133F61E973E69004B7169 /* Sources */ = {
			isa = PBXSourcesBuildPhase;
			buildActionMask = 2147483647;
			files = (
				8B24230B1F1AEA1700BB159A /* SlotMachine+Operations.swift in Sources */,
				8B2422FF1F1AE19D00BB159A /* CGFloat+Extras.swift in Sources */,
				8B2423071F1AE66100BB159A /* GameScene+SlotMachine.swift in Sources */,
				8B1E57531EA86BB5005862A3 /* SpriteComponent.swift in Sources */,
				8B2423011F1AE3A100BB159A /* GameScene+Layout.swift in Sources */,
				8B2423091F1AE6B700BB159A /* GameScene+StateMachine.swift in Sources */,
				8B1E575B1EA86F7C005862A3 /* SlotColumnEntity.swift in Sources */,
				8B6DB6681F3033E200542B42 /* AdMob.swift in Sources */,
				8BE134041E973E69004B7169 /* GameScene.swift in Sources */,
				8B2423101F1AF6A500BB159A /* SlotMachine+Winnable.swift in Sources */,
				8B2423051F1AE63D00BB159A /* GameScene+Update.swift in Sources */,
				8B24231C1F1BFED900BB159A /* ColumnComponent+Config.swift in Sources */,
				8BE134241E973EF7004B7169 /* GameViewController+GameScene.swift in Sources */,
				8BC749E31F0B243A00325364 /* GameSceneActiveState.swift in Sources */,
				8B5291991EA9ACC6001BEF68 /* SlotGridEntity.swift in Sources */,
				8BE1342A1E974262004B7169 /* SlotMachine.swift in Sources */,
				8B24230E1F1AF68600BB159A /* Winnable.swift in Sources */,
				8B1E574E1EA86A25005862A3 /* SlotEntity.swift in Sources */,
				8B2423141F1BFD9F00BB159A /* ButtonNode+ButtonRespondable.swift in Sources */,
				8B2423161F1BFDD200BB159A /* ButtonNode+Config.swift in Sources */,
				8B739D111F2E71BB004A39E4 /* UserDefaultsService.swift in Sources */,
				8B24231E1F1BFEE400BB159A /* GridComponent+Config.swift in Sources */,
				8BE1342E1E9745D4004B7169 /* GameScene+ButtonRespondable.swift in Sources */,
				8BC749E51F0B258500325364 /* GKState+Button.swift in Sources */,
				8BE134321E9746C8004B7169 /* NodeZPosition.swift in Sources */,
				8B1E57551EA86C96005862A3 /* GemComponent.swift in Sources */,
				8B2423221F1C007300BB159A /* GameSceneActiveState+GKState.swift in Sources */,
				8B52919B1EA9AD28001BEF68 /* GridComponent.swift in Sources */,
				8BE134061E973E69004B7169 /* GameViewController.swift in Sources */,
				8B0988401F0D897F00B87BFB /* TLLabelNode.swift in Sources */,
				8B2423031F1AE5FF00BB159A /* GameScene+Config.swift in Sources */,
				8B24231A1F1BFE5400BB159A /* ButtonNode+Animation.swift in Sources */,
				8BE134301E97465F004B7169 /* ButtonFactory.swift in Sources */,
				8BE1342C1E974570004B7169 /* ButtonNode.swift in Sources */,
				8B2423181F1BFE2E00BB159A /* ButtonNode+Touch.swift in Sources */,
				8BE133FE1E973E69004B7169 /* AppDelegate.swift in Sources */,
				8B1E574B1EA869EF005862A3 /* RenderComponent.swift in Sources */,
				8B1E57571EA86CBE005862A3 /* Gem.swift in Sources */,
				8B2423121F1BFD6400BB159A /* ButtonRespondable.swift in Sources */,
				8B2423201F1BFFAC00BB159A /* GameViewController+Config.swift in Sources */,
				8BC749EA1F0B443400325364 /* GameSceneIdleState.swift in Sources */,
				8B1E575D1EA86FEA005862A3 /* ColumnComponent.swift in Sources */,
			);
			runOnlyForDeploymentPostprocessing = 0;
		};
		8BE134101E973E69004B7169 /* Sources */ = {
			isa = PBXSourcesBuildPhase;
			buildActionMask = 2147483647;
			files = (
				8B1E57621EA8748A005862A3 /* SpriteComponent.spec.swift in Sources */,
				8BE12E911EBF0B9D00B67EE0 /* GameScene+ButtonRespondable.spec.swift in Sources */,
				8BB351D61F2AF55F0051FCBC /* MockUserDefaults.swift in Sources */,
				8B1E57651EA874FE005862A3 /* ColumnComponent.spec.swift in Sources */,
				8BB2A3A31EBEBF2E0015D328 /* SlotGridEntity.spec.swift in Sources */,
				8BB2A3A11EBEB7500015D328 /* GridComponent.spec.swift in Sources */,
				8BFACF0D1EBEE229009581E0 /* GameScene.spec.swift in Sources */,
				8B1E57601EA87448005862A3 /* RenderComponent.spec.swift in Sources */,
				8B75ED821EB6DE94000DCA4F /* GemComponent.spec.swift in Sources */,
				8BB2A3A71EBEC2570015D328 /* ButtonFactory.spec.swift in Sources */,
				8BC749DF1F0B144000325364 /* MockSlotMachine.swift in Sources */,
				8B1E57591EA86F2F005862A3 /* SlotColumnEntity.spec.swift in Sources */,
				8BC749E11F0B15DB00325364 /* MockGKRandomSource.swift in Sources */,
				8BFACF0A1EBED8B4009581E0 /* SlotMachine.spec.swift in Sources */,
				8BB2A3A51EBEC17B0015D328 /* ButtonNode.spec.swift in Sources */,
				8B1E57491EA868BE005862A3 /* SlotEntity.spec.swift in Sources */,
			);
			runOnlyForDeploymentPostprocessing = 0;
		};
/* End PBXSourcesBuildPhase section */

/* Begin PBXTargetDependency section */
		8BE134161E973E69004B7169 /* PBXTargetDependency */ = {
			isa = PBXTargetDependency;
			target = 8BE133F91E973E69004B7169 /* ShinyGemHunterSlots */;
			targetProxy = 8BE134151E973E69004B7169 /* PBXContainerItemProxy */;
		};
/* End PBXTargetDependency section */

/* Begin PBXVariantGroup section */
		8BE134071E973E69004B7169 /* Main.storyboard */ = {
			isa = PBXVariantGroup;
			children = (
				8BE134081E973E69004B7169 /* Base */,
			);
			name = Main.storyboard;
			sourceTree = "<group>";
		};
		8BE1340C1E973E69004B7169 /* LaunchScreen.storyboard */ = {
			isa = PBXVariantGroup;
			children = (
				8BE1340D1E973E69004B7169 /* Base */,
			);
			name = LaunchScreen.storyboard;
			sourceTree = "<group>";
		};
/* End PBXVariantGroup section */

/* Begin XCBuildConfiguration section */
		8BE1341B1E973E69004B7169 /* Debug */ = {
			isa = XCBuildConfiguration;
			buildSettings = {
				ALWAYS_SEARCH_USER_PATHS = NO;
				CLANG_ANALYZER_NONNULL = YES;
				CLANG_CXX_LANGUAGE_STANDARD = "gnu++0x";
				CLANG_CXX_LIBRARY = "libc++";
				CLANG_ENABLE_MODULES = YES;
				CLANG_ENABLE_OBJC_ARC = YES;
				CLANG_WARN_BOOL_CONVERSION = YES;
				CLANG_WARN_CONSTANT_CONVERSION = YES;
				CLANG_WARN_DIRECT_OBJC_ISA_USAGE = YES_ERROR;
				CLANG_WARN_DOCUMENTATION_COMMENTS = YES;
				CLANG_WARN_EMPTY_BODY = YES;
				CLANG_WARN_ENUM_CONVERSION = YES;
				CLANG_WARN_INFINITE_RECURSION = YES;
				CLANG_WARN_INT_CONVERSION = YES;
				CLANG_WARN_OBJC_ROOT_CLASS = YES_ERROR;
				CLANG_WARN_SUSPICIOUS_MOVE = YES;
				CLANG_WARN_UNREACHABLE_CODE = YES;
				CLANG_WARN__DUPLICATE_METHOD_MATCH = YES;
				CODE_SIGN_IDENTITY = "iPhone Distribution: Vantan LLC (SNXMW75MBJ)";
				"CODE_SIGN_IDENTITY[sdk=iphoneos*]" = "iPhone Distribution: Vantan LLC (SNXMW75MBJ)";
				COPY_PHASE_STRIP = NO;
				DEBUG_INFORMATION_FORMAT = dwarf;
				DEVELOPMENT_TEAM = SNXMW75MBJ;
				ENABLE_STRICT_OBJC_MSGSEND = YES;
				ENABLE_TESTABILITY = YES;
				GCC_C_LANGUAGE_STANDARD = gnu99;
				GCC_DYNAMIC_NO_PIC = NO;
				GCC_NO_COMMON_BLOCKS = YES;
				GCC_OPTIMIZATION_LEVEL = 0;
				GCC_PREPROCESSOR_DEFINITIONS = (
					"DEBUG=1",
					"$(inherited)",
				);
				GCC_WARN_64_TO_32_BIT_CONVERSION = YES;
				GCC_WARN_ABOUT_RETURN_TYPE = YES_ERROR;
				GCC_WARN_UNDECLARED_SELECTOR = YES;
				GCC_WARN_UNINITIALIZED_AUTOS = YES_AGGRESSIVE;
				GCC_WARN_UNUSED_FUNCTION = YES;
				GCC_WARN_UNUSED_VARIABLE = YES;
				IPHONEOS_DEPLOYMENT_TARGET = 10.2;
				MTL_ENABLE_DEBUG_INFO = YES;
				ONLY_ACTIVE_ARCH = YES;
				PROVISIONING_PROFILE = Automatic;
				PROVISIONING_PROFILE_SPECIFIER = Automatic;
				SDKROOT = iphoneos;
				SWIFT_ACTIVE_COMPILATION_CONDITIONS = DEBUG;
				SWIFT_OPTIMIZATION_LEVEL = "-Onone";
				TARGETED_DEVICE_FAMILY = "1,2";
			};
			name = Debug;
		};
		8BE1341C1E973E69004B7169 /* Release */ = {
			isa = XCBuildConfiguration;
			buildSettings = {
				ALWAYS_SEARCH_USER_PATHS = NO;
				CLANG_ANALYZER_NONNULL = YES;
				CLANG_CXX_LANGUAGE_STANDARD = "gnu++0x";
				CLANG_CXX_LIBRARY = "libc++";
				CLANG_ENABLE_MODULES = YES;
				CLANG_ENABLE_OBJC_ARC = YES;
				CLANG_WARN_BOOL_CONVERSION = YES;
				CLANG_WARN_CONSTANT_CONVERSION = YES;
				CLANG_WARN_DIRECT_OBJC_ISA_USAGE = YES_ERROR;
				CLANG_WARN_DOCUMENTATION_COMMENTS = YES;
				CLANG_WARN_EMPTY_BODY = YES;
				CLANG_WARN_ENUM_CONVERSION = YES;
				CLANG_WARN_INFINITE_RECURSION = YES;
				CLANG_WARN_INT_CONVERSION = YES;
				CLANG_WARN_OBJC_ROOT_CLASS = YES_ERROR;
				CLANG_WARN_SUSPICIOUS_MOVE = YES;
				CLANG_WARN_UNREACHABLE_CODE = YES;
				CLANG_WARN__DUPLICATE_METHOD_MATCH = YES;
				CODE_SIGN_IDENTITY = "iPhone Distribution: Vantan LLC (SNXMW75MBJ)";
				"CODE_SIGN_IDENTITY[sdk=iphoneos*]" = "iPhone Distribution: Vantan LLC (SNXMW75MBJ)";
				COPY_PHASE_STRIP = NO;
				DEBUG_INFORMATION_FORMAT = "dwarf-with-dsym";
				DEVELOPMENT_TEAM = SNXMW75MBJ;
				ENABLE_NS_ASSERTIONS = NO;
				ENABLE_STRICT_OBJC_MSGSEND = YES;
				GCC_C_LANGUAGE_STANDARD = gnu99;
				GCC_NO_COMMON_BLOCKS = YES;
				GCC_WARN_64_TO_32_BIT_CONVERSION = YES;
				GCC_WARN_ABOUT_RETURN_TYPE = YES_ERROR;
				GCC_WARN_UNDECLARED_SELECTOR = YES;
				GCC_WARN_UNINITIALIZED_AUTOS = YES_AGGRESSIVE;
				GCC_WARN_UNUSED_FUNCTION = YES;
				GCC_WARN_UNUSED_VARIABLE = YES;
				IPHONEOS_DEPLOYMENT_TARGET = 10.2;
				MTL_ENABLE_DEBUG_INFO = NO;
				PROVISIONING_PROFILE = Automatic;
				PROVISIONING_PROFILE_SPECIFIER = Automatic;
				SDKROOT = iphoneos;
				SWIFT_OPTIMIZATION_LEVEL = "-Owholemodule";
				TARGETED_DEVICE_FAMILY = "1,2";
				VALIDATE_PRODUCT = YES;
			};
			name = Release;
		};
		8BE1341E1E973E69004B7169 /* Debug */ = {
			isa = XCBuildConfiguration;
			baseConfigurationReference = 61E228A4C0CC4566474BB13D /* Pods-ShinyGemHunterSlots.debug.xcconfig */;
			buildSettings = {
				ASSETCATALOG_COMPILER_APPICON_NAME = AppIcon;
				CODE_SIGN_IDENTITY = "iPhone Distribution: Vantan LLC (SNXMW75MBJ)";
				"CODE_SIGN_IDENTITY[sdk=iphoneos*]" = "iPhone Distribution";
				CURRENT_PROJECT_VERSION = 1;
				DEVELOPMENT_TEAM = SNXMW75MBJ;
				INFOPLIST_FILE = ShinyGemHunterSlots/Info.plist;
				IPHONEOS_DEPLOYMENT_TARGET = 10.0;
				LD_RUNPATH_SEARCH_PATHS = "$(inherited) @executable_path/Frameworks";
				PRODUCT_BUNDLE_IDENTIFIER = com.Vantan.LLC.ShinyGemHunterSlots;
				PRODUCT_NAME = "$(TARGET_NAME)";
				PROVISIONING_PROFILE = "b636b65e-bc95-4469-9a34-6f35ff9d471c";
				PROVISIONING_PROFILE_SPECIFIER = "com.Vantan.LLC.ShinyGemHunterSlots AppStore";
				SWIFT_VERSION = 3.0;
				TARGETED_DEVICE_FAMILY = "1,2";
				VERSIONING_SYSTEM = "apple-generic";
			};
			name = Debug;
		};
		8BE1341F1E973E69004B7169 /* Release */ = {
			isa = XCBuildConfiguration;
			baseConfigurationReference = AC63CD98E7384DCC1A197F38 /* Pods-ShinyGemHunterSlots.release.xcconfig */;
			buildSettings = {
				ASSETCATALOG_COMPILER_APPICON_NAME = AppIcon;
				CODE_SIGN_IDENTITY = "iPhone Distribution: Vantan LLC (SNXMW75MBJ)";
				"CODE_SIGN_IDENTITY[sdk=iphoneos*]" = "iPhone Distribution";
				CURRENT_PROJECT_VERSION = 1;
				DEVELOPMENT_TEAM = SNXMW75MBJ;
				INFOPLIST_FILE = ShinyGemHunterSlots/Info.plist;
				IPHONEOS_DEPLOYMENT_TARGET = 10.0;
				LD_RUNPATH_SEARCH_PATHS = "$(inherited) @executable_path/Frameworks";
				PRODUCT_BUNDLE_IDENTIFIER = com.Vantan.LLC.ShinyGemHunterSlots;
				PRODUCT_NAME = "$(TARGET_NAME)";
				PROVISIONING_PROFILE = "b636b65e-bc95-4469-9a34-6f35ff9d471c";
				PROVISIONING_PROFILE_SPECIFIER = "com.Vantan.LLC.ShinyGemHunterSlots AppStore";
				SWIFT_VERSION = 3.0;
				TARGETED_DEVICE_FAMILY = "1,2";
				VERSIONING_SYSTEM = "apple-generic";
			};
			name = Release;
		};
		8BE134211E973E69004B7169 /* Debug */ = {
			isa = XCBuildConfiguration;
			baseConfigurationReference = A26F3E60C858DDA343338C5E /* Pods-ShinyGemHunterSlotsTests.debug.xcconfig */;
			buildSettings = {
				ALWAYS_EMBED_SWIFT_STANDARD_LIBRARIES = YES;
				BUNDLE_LOADER = "$(TEST_HOST)";
				DEVELOPMENT_TEAM = SNXMW75MBJ;
				INFOPLIST_FILE = ShinyGemHunterSlotsTests/Info.plist;
				LD_RUNPATH_SEARCH_PATHS = "$(inherited) @executable_path/Frameworks @loader_path/Frameworks";
				PRODUCT_BUNDLE_IDENTIFIER = com.Vantan.LLC.ShinyGemHunterSlotsTests;
				PRODUCT_NAME = "$(TARGET_NAME)";
				PROVISIONING_PROFILE_SPECIFIER = "";
				SWIFT_VERSION = 3.0;
				TEST_HOST = "$(BUILT_PRODUCTS_DIR)/ShinyGemHunterSlots.app/ShinyGemHunterSlots";
			};
			name = Debug;
		};
		8BE134221E973E69004B7169 /* Release */ = {
			isa = XCBuildConfiguration;
			baseConfigurationReference = 2B7EEDD1A6C0039DDC204058 /* Pods-ShinyGemHunterSlotsTests.release.xcconfig */;
			buildSettings = {
				ALWAYS_EMBED_SWIFT_STANDARD_LIBRARIES = YES;
				BUNDLE_LOADER = "$(TEST_HOST)";
				DEVELOPMENT_TEAM = SNXMW75MBJ;
				INFOPLIST_FILE = ShinyGemHunterSlotsTests/Info.plist;
				LD_RUNPATH_SEARCH_PATHS = "$(inherited) @executable_path/Frameworks @loader_path/Frameworks";
				PRODUCT_BUNDLE_IDENTIFIER = com.Vantan.LLC.ShinyGemHunterSlotsTests;
				PRODUCT_NAME = "$(TARGET_NAME)";
				PROVISIONING_PROFILE_SPECIFIER = "";
				SWIFT_VERSION = 3.0;
				TEST_HOST = "$(BUILT_PRODUCTS_DIR)/ShinyGemHunterSlots.app/ShinyGemHunterSlots";
			};
			name = Release;
		};
/* End XCBuildConfiguration section */

/* Begin XCConfigurationList section */
		8BE133F51E973E69004B7169 /* Build configuration list for PBXProject "ShinyGemHunterSlots" */ = {
			isa = XCConfigurationList;
			buildConfigurations = (
				8BE1341B1E973E69004B7169 /* Debug */,
				8BE1341C1E973E69004B7169 /* Release */,
			);
			defaultConfigurationIsVisible = 0;
			defaultConfigurationName = Release;
		};
		8BE1341D1E973E69004B7169 /* Build configuration list for PBXNativeTarget "ShinyGemHunterSlots" */ = {
			isa = XCConfigurationList;
			buildConfigurations = (
				8BE1341E1E973E69004B7169 /* Debug */,
				8BE1341F1E973E69004B7169 /* Release */,
			);
			defaultConfigurationIsVisible = 0;
			defaultConfigurationName = Release;
		};
		8BE134201E973E69004B7169 /* Build configuration list for PBXNativeTarget "ShinyGemHunterSlotsTests" */ = {
			isa = XCConfigurationList;
			buildConfigurations = (
				8BE134211E973E69004B7169 /* Debug */,
				8BE134221E973E69004B7169 /* Release */,
			);
			defaultConfigurationIsVisible = 0;
			defaultConfigurationName = Release;
		};
/* End XCConfigurationList section */
	};
	rootObject = 8BE133F21E973E69004B7169 /* Project object */;
}
